
Microsoft Visual Studio Solution File, Format Version 12.00
# Visual Studio Version 16
VisualStudioVersion = 25.0.1706.13
MinimumVisualStudioVersion = 10.0.40219.1
Project("{FAE04EC0-301F-11D3-BF4B-00C04F79EFBC}") = "TVMazeAPI", "TVMazeAPI\TVMazeAPI.csproj", "{C663742B-50E6-46EB-AB5B-49EA223DEFB6}"
EndProject
Project("{2150E333-8FDC-42A3-9474-1A3956D46DE8}") = "Çözüm Öğeleri", "Çözüm Öğeleri", "{B3DBBB28-9725-4F03-84F5-76D340CC9B9E}"
	ProjectSection(SolutionItems) = preProject
		.editorconfig = .editorconfig
	EndProjectSection
EndProject
Global
	GlobalSection(SolutionConfigurationPlatforms) = preSolution
		Debug|Any CPU = Debug|Any CPU
		Release|Any CPU = Release|Any CPU
	EndGlobalSection
	GlobalSection(ProjectConfigurationPlatforms) = postSolution
		{C663742B-50E6-46EB-AB5B-49EA223DEFB6}.Debug|Any CPU.ActiveCfg = Debug|Any CPU
		{C663742B-50E6-46EB-AB5B-49EA223DEFB6}.Debug|Any CPU.Build.0 = Debug|Any CPU
		{C663742B-50E6-46EB-AB5B-49EA223DEFB6}.Release|Any CPU.ActiveCfg = Release|Any CPU
		{C663742B-50E6-46EB-AB5B-49EA223DEFB6}.Release|Any CPU.Build.0 = Release|Any CPU
	EndGlobalSection
	GlobalSection(SolutionProperties) = preSolution
		HideSolutionNode = FALSE
	EndGlobalSection
	GlobalSection(ExtensibilityGlobals) = postSolution
		SolutionGuid = {06C2DB3E-2F03-4918-A47D-37B90B159AE5}
	EndGlobalSection
EndGlobal
